<?xml version="1.0" encoding="utf-8"?>
<Project ToolsVersion="4.0" xmlns="http://schemas.microsoft.com/developer/msbuild/2003">
  <ItemGroup>
    <Filter Include="Resource Files">
      <UniqueIdentifier>{67DA6AB6-F800-4c08-8B7A-83BB121AAD01}</UniqueIdentifier>
      <Extensions>rc;ico;cur;bmp;dlg;rc2;rct;bin;rgs;gif;jpg;jpeg;jpe;resx;tiff;tif;png;wav;mfcribbon-ms</Extensions>
    </Filter>
    <Filter Include="AMON">
      <UniqueIdentifier>{8be616a7-0d4e-4a17-b47f-37edb0e4bc5e}</UniqueIdentifier>
    </Filter>
    <Filter Include="Common">
      <UniqueIdentifier>{70d667ce-3b25-4fbe-8609-512dd51a17de}</UniqueIdentifier>
    </Filter>
    <Filter Include="Device">
      <UniqueIdentifier>{95a580a7-2810-42d9-863b-072cd3fd7dc6}</UniqueIdentifier>
    </Filter>
    <Filter Include="DS">
      <UniqueIdentifier>{f51400ce-5549-47a9-a8c3-5b5cb753fa8b}</UniqueIdentifier>
    </Filter>
    <Filter Include="NRFBLESPI">
      <UniqueIdentifier>{86073f93-7b07-4217-8699-f324f019ac14}</UniqueIdentifier>
    </Filter>
    <Filter Include="OS">
      <UniqueIdentifier>{a02de841-4e4e-48d5-8931-5858cb340799}</UniqueIdentifier>
    </Filter>
  </ItemGroup>
  <ItemGroup>
    <ClCompile Include="..\..\..\AMON\AMON.c">
      <Filter>AMON</Filter>
    </ClCompile>
    <ClCompile Include="..\..\..\AMON\AMONLink.c">
      <Filter>AMON</Filter>
    </ClCompile>
    <ClCompile Include="..\..\..\AMON\amonmap.c">
      <Filter>AMON</Filter>
    </ClCompile>
    <ClCompile Include="..\..\..\AMON\AMONNet.c">
      <Filter>AMON</Filter>
    </ClCompile>
    <ClCompile Include="..\..\..\AMON\AMONPacket.c">
      <Filter>AMON</Filter>
    </ClCompile>
    <ClCompile Include="..\..\..\AMON\AMONPHY.c">
      <Filter>AMON</Filter>
    </ClCompile>
    <ClCompile Include="..\..\..\AMON\AMONQueue.c">
      <Filter>AMON</Filter>
    </ClCompile>
    <ClCompile Include="..\..\..\Common\STRINGS.c">
      <Filter>Common</Filter>
    </ClCompile>
    <ClCompile Include="..\..\..\Common\utils.c">
      <Filter>Common</Filter>
    </ClCompile>
    <ClCompile Include="..\..\..\Device\CRC.c">
      <Filter>Device</Filter>
    </ClCompile>
    <ClCompile Include="..\..\..\Device\Device.c">
      <Filter>Device</Filter>
    </ClCompile>
    <ClCompile Include="..\..\..\Device\UserspaceController.c">
      <Filter>Device</Filter>
    </ClCompile>
    <ClCompile Include="..\..\..\DS\CircleBuffer.c">
      <Filter>DS</Filter>
    </ClCompile>
    <ClCompile Include="..\..\..\DS\list.c">
      <Filter>DS</Filter>
    </ClCompile>
    <ClCompile Include="..\..\..\DS\SmartBuffer.c">
      <Filter>DS</Filter>
    </ClCompile>
    <ClCompile Include="..\..\..\NRFBLESPI\BLEController.c">
      <Filter>NRFBLESPI</Filter>
    </ClCompile>
    <ClCompile Include="..\..\..\OS\Console.c">
      <Filter>OS</Filter>
    </ClCompile>
    <ClCompile Include="..\..\..\OS\taskqueue.c">
      <Filter>OS</Filter>
    </ClCompile>
  </ItemGroup>
  <ItemGroup>
    <ClInclude Include="..\..\..\AMON\AMON.h">
      <Filter>AMON</Filter>
    </ClInclude>
    <ClInclude Include="..\..\..\AMON\AMONLink.h">
      <Filter>AMON</Filter>
    </ClInclude>
    <ClInclude Include="..\..\..\AMON\amonmap.h">
      <Filter>AMON</Filter>
    </ClInclude>
    <ClInclude Include="..\..\..\AMON\AMONNet.h">
      <Filter>AMON</Filter>
    </ClInclude>
    <ClInclude Include="..\..\..\AMON\AMONPacket.h">
      <Filter>AMON</Filter>
    </ClInclude>
    <ClInclude Include="..\..\..\AMON\AMONPHY.h">
      <Filter>AMON</Filter>
    </ClInclude>
    <ClInclude Include="..\..\..\AMON\AMONQueue.h">
      <Filter>AMON</Filter>
    </ClInclude>
    <ClInclude Include="..\..\..\Common\EHM.h">
      <Filter>Common</Filter>
    </ClInclude>
    <ClInclude Include="..\..\..\Common\RESULT.h">
      <Filter>Common</Filter>
    </ClInclude>
    <ClInclude Include="..\..\..\Common\STRINGS.h">
      <Filter>Common</Filter>
    </ClInclude>
    <ClInclude Include="..\..\..\Common\utils.h">
      <Filter>Common</Filter>
    </ClInclude>
    <ClInclude Include="..\..\..\Device\CRC.h">
      <Filter>Device</Filter>
    </ClInclude>
    <ClInclude Include="..\..\..\Device\Device.h">
      <Filter>Device</Filter>
    </ClInclude>
    <ClInclude Include="..\..\..\Device\memorymap.h">
      <Filter>Device</Filter>
    </ClInclude>
    <ClInclude Include="..\..\..\Device\UserspaceController.h">
      <Filter>Device</Filter>
    </ClInclude>
    <ClInclude Include="..\..\..\DS\CircleBuffer.h">
      <Filter>DS</Filter>
    </ClInclude>
    <ClInclude Include="..\..\..\DS\list.h">
      <Filter>DS</Filter>
    </ClInclude>
    <ClInclude Include="..\..\..\DS\SmartBuffer.h">
      <Filter>DS</Filter>
    </ClInclude>
    <ClInclude Include="..\..\..\NRFBLESPI\BLEController.h">
      <Filter>NRFBLESPI</Filter>
    </ClInclude>
    <ClInclude Include="..\..\..\OS\Console.h">
      <Filter>OS</Filter>
    </ClInclude>
    <ClInclude Include="..\..\..\OS\sched.h">
      <Filter>OS</Filter>
    </ClInclude>
    <ClInclude Include="..\..\..\OS\taskqueue.h">
      <Filter>OS</Filter>
    </ClInclude>
  </ItemGroup>
</Project>